{
  "name": "invoices_3",
  "version": "0.0.1",
  "lockfileVersion": 1,
  "requires": true,
  "dependencies": {
    "@sapui5/ts-types": {
      "version": "1.71.28",
      "resolved": "https://registry.npmjs.org/@sapui5/ts-types/-/ts-types-1.71.28.tgz",
      "integrity": "sha512-KjOfV6c7l0SIbWT+nNqobpuIFUIEM8IezFsIMpefE0SR4jDv959ZZ/s4Q9/fDdxtbdHGrOgFNDDYELm92VmcZA==",
      "dev": true
    }
  }
}
